
Microsoft Visual Studio Solution File, Format Version 12.00
# Visual Studio Version 16
VisualStudioVersion = 16.0.30225.117
MinimumVisualStudioVersion = 10.0.40219.1
Project("{FAE04EC0-301F-11D3-BF4B-00C04F79EFBC}") = "XGame.Domain", "XGame.Domain\XGame.Domain.csproj", "{4868F4F0-159D-40D4-BECE-35D7B588FCBC}"
EndProject
Project("{FAE04EC0-301F-11D3-BF4B-00C04F79EFBC}") = "XGame.AppConsole", "XGame.AppConsole\XGame.AppConsole.csproj", "{6D6ADEAF-5A6D-41BD-9454-55B9957F736B}"
EndProject
Global
	GlobalSection(SolutionConfigurationPlatforms) = preSolution
		Debug|Any CPU = Debug|Any CPU
		Release|Any CPU = Release|Any CPU
	EndGlobalSection
	GlobalSection(ProjectConfigurationPlatforms) = postSolution
		{4868F4F0-159D-40D4-BECE-35D7B588FCBC}.Debug|Any CPU.ActiveCfg = Debug|Any CPU
		{4868F4F0-159D-40D4-BECE-35D7B588FCBC}.Debug|Any CPU.Build.0 = Debug|Any CPU
		{4868F4F0-159D-40D4-BECE-35D7B588FCBC}.Release|Any CPU.ActiveCfg = Release|Any CPU
		{4868F4F0-159D-40D4-BECE-35D7B588FCBC}.Release|Any CPU.Build.0 = Release|Any CPU
		{6D6ADEAF-5A6D-41BD-9454-55B9957F736B}.Debug|Any CPU.ActiveCfg = Debug|Any CPU
		{6D6ADEAF-5A6D-41BD-9454-55B9957F736B}.Debug|Any CPU.Build.0 = Debug|Any CPU
		{6D6ADEAF-5A6D-41BD-9454-55B9957F736B}.Release|Any CPU.ActiveCfg = Release|Any CPU
		{6D6ADEAF-5A6D-41BD-9454-55B9957F736B}.Release|Any CPU.Build.0 = Release|Any CPU
	EndGlobalSection
	GlobalSection(SolutionProperties) = preSolution
		HideSolutionNode = FALSE
	EndGlobalSection
	GlobalSection(ExtensibilityGlobals) = postSolution
		SolutionGuid = {15C5A22B-5EE7-4A25-A0A1-6028AFD87809}
	EndGlobalSection
EndGlobal
